
Microsoft Visual Studio Solution File, Format Version 12.00
# Visual Studio Version 16
VisualStudioVersion = 16.0.809.3
MinimumVisualStudioVersion = 10.0.40219.1
Project("{FAE04EC0-301F-11D3-BF4B-00C04F79EFBC}") = "C1912L_AP_1", "C1912L_AP_1\C1912L_AP_1.csproj", "{AF83286B-808B-4F79-A71F-B038E41A8C99}"
EndProject
Global
	GlobalSection(SolutionConfigurationPlatforms) = preSolution
		Debug|Any CPU = Debug|Any CPU
		Release|Any CPU = Release|Any CPU
	EndGlobalSection
	GlobalSection(ProjectConfigurationPlatforms) = postSolution
		{AF83286B-808B-4F79-A71F-B038E41A8C99}.Debug|Any CPU.ActiveCfg = Debug|Any CPU
		{AF83286B-808B-4F79-A71F-B038E41A8C99}.Debug|Any CPU.Build.0 = Debug|Any CPU
		{AF83286B-808B-4F79-A71F-B038E41A8C99}.Release|Any CPU.ActiveCfg = Release|Any CPU
		{AF83286B-808B-4F79-A71F-B038E41A8C99}.Release|Any CPU.Build.0 = Release|Any CPU
	EndGlobalSection
	GlobalSection(SolutionProperties) = preSolution
		HideSolutionNode = FALSE
	EndGlobalSection
	GlobalSection(ExtensibilityGlobals) = postSolution
		SolutionGuid = {B02B5287-FF13-40CD-BD10-E30A83E221DB}
	EndGlobalSection
EndGlobal
